
Microsoft Visual Studio Solution File, Format Version 12.00
# Visual Studio 2013
VisualStudioVersion = 12.0.30501.0
MinimumVisualStudioVersion = 10.0.40219.1
Project("{FAE04EC0-301F-11D3-BF4B-00C04F79EFBC}") = "PaizaOnlineHackathon201407", "PaizaOnlineHackathon201407\PaizaOnlineHackathon201407.csproj", "{A7935D2C-E080-4DCF-9FFC-970AF030DCFD}"
EndProject
Global
	GlobalSection(SolutionConfigurationPlatforms) = preSolution
		Debug|Any CPU = Debug|Any CPU
		Release|Any CPU = Release|Any CPU
	EndGlobalSection
	GlobalSection(ProjectConfigurationPlatforms) = postSolution
		{A7935D2C-E080-4DCF-9FFC-970AF030DCFD}.Debug|Any CPU.ActiveCfg = Debug|Any CPU
		{A7935D2C-E080-4DCF-9FFC-970AF030DCFD}.Debug|Any CPU.Build.0 = Debug|Any CPU
		{A7935D2C-E080-4DCF-9FFC-970AF030DCFD}.Release|Any CPU.ActiveCfg = Release|Any CPU
		{A7935D2C-E080-4DCF-9FFC-970AF030DCFD}.Release|Any CPU.Build.0 = Release|Any CPU
	EndGlobalSection
	GlobalSection(SolutionProperties) = preSolution
		HideSolutionNode = FALSE
	EndGlobalSection
EndGlobal
